// !$*UTF8*$!
{
	archiveVersion = 1;
	classes = {
	};
	objectVersion = 46;
	objects = {

/* Begin PBXBuildFile section */
		844E389F1DCDFABA00894BD9 /* main.m in Sources */ = {isa = PBXBuildFile; fileRef = 844E389E1DCDFABA00894BD9 /* main.m */; };
		844E38A21DCDFABA00894BD9 /* AppDelegate.m in Sources */ = {isa = PBXBuildFile; fileRef = 844E38A11DCDFABA00894BD9 /* AppDelegate.m */; };
		844E38AB1DCDFABA00894BD9 /* Main.storyboard in Resources */ = {isa = PBXBuildFile; fileRef = 844E38A91DCDFABA00894BD9 /* Main.storyboard */; };
		844E38AD1DCDFABA00894BD9 /* Assets.xcassets in Resources */ = {isa = PBXBuildFile; fileRef = 844E38AC1DCDFABA00894BD9 /* Assets.xcassets */; };
		844E38B01DCDFABA00894BD9 /* LaunchScreen.storyboard in Resources */ = {isa = PBXBuildFile; fileRef = 844E38AE1DCDFABA00894BD9 /* LaunchScreen.storyboard */; };
		847F0C581DCE3E58004EDABE /* NewContactViewController.m in Sources */ = {isa = PBXBuildFile; fileRef = 847F0C571DCE3E58004EDABE /* NewContactViewController.m */; };
		847F0C5B1DCE420A004EDABE /* ExistingContactViewController.m in Sources */ = {isa = PBXBuildFile; fileRef = 847F0C5A1DCE420A004EDABE /* ExistingContactViewController.m */; };
		84E341431DCF6AF50077B7DF /* CallHistoryTableViewController.m in Sources */ = {isa = PBXBuildFile; fileRef = 84E341421DCF6AF50077B7DF /* CallHistoryTableViewController.m */; };
		84E341491DCF72660077B7DF /* MainTabBarController.m in Sources */ = {isa = PBXBuildFile; fileRef = 84E341481DCF72660077B7DF /* MainTabBarController.m */; };
		84E3414C1DCF77F30077B7DF /* ContactData.m in Sources */ = {isa = PBXBuildFile; fileRef = 84E3414B1DCF77F30077B7DF /* ContactData.m */; };
		84E3414F1DCF7D020077B7DF /* BasicData.m in Sources */ = {isa = PBXBuildFile; fileRef = 84E3414E1DCF7D020077B7DF /* BasicData.m */; };
		84E88D201DCE14900026AA89 /* ContactListTableViewController.m in Sources */ = {isa = PBXBuildFile; fileRef = 84E88D1F1DCE14900026AA89 /* ContactListTableViewController.m */; };
		84E88D231DCE15850026AA89 /* ContactTableViewCell.m in Sources */ = {isa = PBXBuildFile; fileRef = 84E88D221DCE15850026AA89 /* ContactTableViewCell.m */; };
		84E88D261DCE23DA0026AA89 /* ContactLogData.m in Sources */ = {isa = PBXBuildFile; fileRef = 84E88D251DCE23DA0026AA89 /* ContactLogData.m */; };
/* End PBXBuildFile section */

/* Begin PBXFileReference section */
		844E389A1DCDFABA00894BD9 /* ios_homework_app.app */ = {isa = PBXFileReference; explicitFileType = wrapper.application; includeInIndex = 0; path = ios_homework_app.app; sourceTree = BUILT_PRODUCTS_DIR; };
		844E389E1DCDFABA00894BD9 /* main.m */ = {isa = PBXFileReference; lastKnownFileType = sourcecode.c.objc; path = main.m; sourceTree = "<group>"; };
		844E38A01DCDFABA00894BD9 /* AppDelegate.h */ = {isa = PBXFileReference; lastKnownFileType = sourcecode.c.h; path = AppDelegate.h; sourceTree = "<group>"; };
		844E38A11DCDFABA00894BD9 /* AppDelegate.m */ = {isa = PBXFileReference; lastKnownFileType = sourcecode.c.objc; path = AppDelegate.m; sourceTree = "<group>"; };
		844E38AA1DCDFABA00894BD9 /* Base */ = {isa = PBXFileReference; lastKnownFileType = file.storyboard; name = Base; path = Base.lproj/Main.storyboard; sourceTree = "<group>"; };
		844E38AC1DCDFABA00894BD9 /* Assets.xcassets */ = {isa = PBXFileReference; lastKnownFileType = folder.assetcatalog; path = Assets.xcassets; sourceTree = "<group>"; };
		844E38AF1DCDFABA00894BD9 /* Base */ = {isa = PBXFileReference; lastKnownFileType = file.storyboard; name = Base; path = Base.lproj/LaunchScreen.storyboard; sourceTree = "<group>"; };
		844E38B11DCDFABA00894BD9 /* Info.plist */ = {isa = PBXFileReference; lastKnownFileType = text.plist.xml; path = Info.plist; sourceTree = "<group>"; };
		847F0C561DCE3E58004EDABE /* NewContactViewController.h */ = {isa = PBXFileReference; fileEncoding = 4; lastKnownFileType = sourcecode.c.h; name = NewContactViewController.h; path = ios_homework_app/NewContactViewController.h; sourceTree = SOURCE_ROOT; };
		847F0C571DCE3E58004EDABE /* NewContactViewController.m */ = {isa = PBXFileReference; fileEncoding = 4; lastKnownFileType = sourcecode.c.objc; name = NewContactViewController.m; path = ios_homework_app/NewContactViewController.m; sourceTree = SOURCE_ROOT; };
		847F0C591DCE420A004EDABE /* ExistingContactViewController.h */ = {isa = PBXFileReference; fileEncoding = 4; lastKnownFileType = sourcecode.c.h; path = ExistingContactViewController.h; sourceTree = "<group>"; };
		847F0C5A1DCE420A004EDABE /* ExistingContactViewController.m */ = {isa = PBXFileReference; fileEncoding = 4; lastKnownFileType = sourcecode.c.objc; path = ExistingContactViewController.m; sourceTree = "<group>"; };
		84E341411DCF6AF50077B7DF /* CallHistoryTableViewController.h */ = {isa = PBXFileReference; fileEncoding = 4; lastKnownFileType = sourcecode.c.h; path = CallHistoryTableViewController.h; sourceTree = "<group>"; };
		84E341421DCF6AF50077B7DF /* CallHistoryTableViewController.m */ = {isa = PBXFileReference; fileEncoding = 4; lastKnownFileType = sourcecode.c.objc; path = CallHistoryTableViewController.m; sourceTree = "<group>"; };
		84E341471DCF72660077B7DF /* MainTabBarController.h */ = {isa = PBXFileReference; fileEncoding = 4; lastKnownFileType = sourcecode.c.h; path = MainTabBarController.h; sourceTree = "<group>"; };
		84E341481DCF72660077B7DF /* MainTabBarController.m */ = {isa = PBXFileReference; fileEncoding = 4; lastKnownFileType = sourcecode.c.objc; path = MainTabBarController.m; sourceTree = "<group>"; };
		84E3414A1DCF77F30077B7DF /* ContactData.h */ = {isa = PBXFileReference; fileEncoding = 4; lastKnownFileType = sourcecode.c.h; path = ContactData.h; sourceTree = "<group>"; };
		84E3414B1DCF77F30077B7DF /* ContactData.m */ = {isa = PBXFileReference; fileEncoding = 4; lastKnownFileType = sourcecode.c.objc; path = ContactData.m; sourceTree = "<group>"; };
		84E3414D1DCF7D020077B7DF /* BasicData.h */ = {isa = PBXFileReference; fileEncoding = 4; lastKnownFileType = sourcecode.c.h; path = BasicData.h; sourceTree = "<group>"; };
		84E3414E1DCF7D020077B7DF /* BasicData.m */ = {isa = PBXFileReference; fileEncoding = 4; lastKnownFileType = sourcecode.c.objc; path = BasicData.m; sourceTree = "<group>"; };
		84E88D1E1DCE14900026AA89 /* ContactListTableViewController.h */ = {isa = PBXFileReference; fileEncoding = 4; lastKnownFileType = sourcecode.c.h; name = ContactListTableViewController.h; path = /Users/admin/Desktop/ios_homework_app/ios_homework_app/ContactListTableViewController.h; sourceTree = "<absolute>"; };
		84E88D1F1DCE14900026AA89 /* ContactListTableViewController.m */ = {isa = PBXFileReference; fileEncoding = 4; lastKnownFileType = sourcecode.c.objc; name = ContactListTableViewController.m; path = /Users/admin/Desktop/ios_homework_app/ios_homework_app/ContactListTableViewController.m; sourceTree = "<absolute>"; };
		84E88D211DCE15850026AA89 /* ContactTableViewCell.h */ = {isa = PBXFileReference; fileEncoding = 4; lastKnownFileType = sourcecode.c.h; path = ContactTableViewCell.h; sourceTree = "<group>"; };
		84E88D221DCE15850026AA89 /* ContactTableViewCell.m */ = {isa = PBXFileReference; fileEncoding = 4; lastKnownFileType = sourcecode.c.objc; path = ContactTableViewCell.m; sourceTree = "<group>"; };
		84E88D241DCE23DA0026AA89 /* ContactLogData.h */ = {isa = PBXFileReference; fileEncoding = 4; lastKnownFileType = sourcecode.c.h; path = ContactLogData.h; sourceTree = "<group>"; };
		84E88D251DCE23DA0026AA89 /* ContactLogData.m */ = {isa = PBXFileReference; fileEncoding = 4; lastKnownFileType = sourcecode.c.objc; path = ContactLogData.m; sourceTree = "<group>"; };
/* End PBXFileReference section */

/* Begin PBXFrameworksBuildPhase section */
		844E38971DCDFABA00894BD9 /* Frameworks */ = {
			isa = PBXFrameworksBuildPhase;
			buildActionMask = 2147483647;
			files = (
			);
			runOnlyForDeploymentPostprocessing = 0;
		};
/* End PBXFrameworksBuildPhase section */

/* Begin PBXGroup section */
		844E38911DCDFABA00894BD9 = {
			isa = PBXGroup;
			children = (
				844E389C1DCDFABA00894BD9 /* ios_homework_app */,
				844E389B1DCDFABA00894BD9 /* Products */,
			);
			sourceTree = "<group>";
		};
		844E389B1DCDFABA00894BD9 /* Products */ = {
			isa = PBXGroup;
			children = (
				844E389A1DCDFABA00894BD9 /* ios_homework_app.app */,
			);
			name = Products;
			sourceTree = "<group>";
		};
		844E389C1DCDFABA00894BD9 /* ios_homework_app */ = {
			isa = PBXGroup;
			children = (
				847F0C591DCE420A004EDABE /* ExistingContactViewController.h */,
				847F0C5A1DCE420A004EDABE /* ExistingContactViewController.m */,
				844E38A01DCDFABA00894BD9 /* AppDelegate.h */,
				844E38A11DCDFABA00894BD9 /* AppDelegate.m */,
				844E38A91DCDFABA00894BD9 /* Main.storyboard */,
				847F0C561DCE3E58004EDABE /* NewContactViewController.h */,
				847F0C571DCE3E58004EDABE /* NewContactViewController.m */,
				844E38AC1DCDFABA00894BD9 /* Assets.xcassets */,
				84E88D211DCE15850026AA89 /* ContactTableViewCell.h */,
				84E88D221DCE15850026AA89 /* ContactTableViewCell.m */,
				84E3414D1DCF7D020077B7DF /* BasicData.h */,
				84E3414E1DCF7D020077B7DF /* BasicData.m */,
				84E88D241DCE23DA0026AA89 /* ContactLogData.h */,
				84E88D251DCE23DA0026AA89 /* ContactLogData.m */,
				84E3414A1DCF77F30077B7DF /* ContactData.h */,
				84E3414B1DCF77F30077B7DF /* ContactData.m */,
				844E38B11DCDFABA00894BD9 /* Info.plist */,
				84E88D1E1DCE14900026AA89 /* ContactListTableViewController.h */,
				84E88D1F1DCE14900026AA89 /* ContactListTableViewController.m */,
				84E341471DCF72660077B7DF /* MainTabBarController.h */,
				84E341481DCF72660077B7DF /* MainTabBarController.m */,
				84E341411DCF6AF50077B7DF /* CallHistoryTableViewController.h */,
				84E341421DCF6AF50077B7DF /* CallHistoryTableViewController.m */,
				844E38AE1DCDFABA00894BD9 /* LaunchScreen.storyboard */,
				844E389D1DCDFABA00894BD9 /* Supporting Files */,
			);
			path = ios_homework_app;
			sourceTree = "<group>";
		};
		844E389D1DCDFABA00894BD9 /* Supporting Files */ = {
			isa = PBXGroup;
			children = (
				844E389E1DCDFABA00894BD9 /* main.m */,
			);
			name = "Supporting Files";
			sourceTree = "<group>";
		};
/* End PBXGroup section */

/* Begin PBXNativeTarget section */
		844E38991DCDFABA00894BD9 /* ios_homework_app */ = {
			isa = PBXNativeTarget;
			buildConfigurationList = 844E38B41DCDFABA00894BD9 /* Build configuration list for PBXNativeTarget "ios_homework_app" */;
			buildPhases = (
				844E38961DCDFABA00894BD9 /* Sources */,
				844E38971DCDFABA00894BD9 /* Frameworks */,
				844E38981DCDFABA00894BD9 /* Resources */,
			);
			buildRules = (
			);
			dependencies = (
			);
			name = ios_homework_app;
			productName = ios_homework_app;
			productReference = 844E389A1DCDFABA00894BD9 /* ios_homework_app.app */;
			productType = "com.apple.product-type.application";
		};
/* End PBXNativeTarget section */

/* Begin PBXProject section */
		844E38921DCDFABA00894BD9 /* Project object */ = {
			isa = PBXProject;
			attributes = {
				LastUpgradeCheck = 0800;
				ORGANIZATIONNAME = vashamporov;
				TargetAttributes = {
					844E38991DCDFABA00894BD9 = {
						CreatedOnToolsVersion = 8.0;
						ProvisioningStyle = Automatic;
					};
				};
			};
			buildConfigurationList = 844E38951DCDFABA00894BD9 /* Build configuration list for PBXProject "ios_homework_app" */;
			compatibilityVersion = "Xcode 3.2";
			developmentRegion = English;
			hasScannedForEncodings = 0;
			knownRegions = (
				en,
				Base,
			);
			mainGroup = 844E38911DCDFABA00894BD9;
			productRefGroup = 844E389B1DCDFABA00894BD9 /* Products */;
			projectDirPath = "";
			projectRoot = "";
			targets = (
				844E38991DCDFABA00894BD9 /* ios_homework_app */,
			);
		};
/* End PBXProject section */

/* Begin PBXResourcesBuildPhase section */
		844E38981DCDFABA00894BD9 /* Resources */ = {
			isa = PBXResourcesBuildPhase;
			buildActionMask = 2147483647;
			files = (
				844E38B01DCDFABA00894BD9 /* LaunchScreen.storyboard in Resources */,
				844E38AD1DCDFABA00894BD9 /* Assets.xcassets in Resources */,
				844E38AB1DCDFABA00894BD9 /* Main.storyboard in Resources */,
			);
			runOnlyForDeploymentPostprocessing = 0;
		};
/* End PBXResourcesBuildPhase section */

/* Begin PBXSourcesBuildPhase section */
		844E38961DCDFABA00894BD9 /* Sources */ = {
			isa = PBXSourcesBuildPhase;
			buildActionMask = 2147483647;
			files = (
				84E341431DCF6AF50077B7DF /* CallHistoryTableViewController.m in Sources */,
				847F0C581DCE3E58004EDABE /* NewContactViewController.m in Sources */,
				84E341491DCF72660077B7DF /* MainTabBarController.m in Sources */,
				847F0C5B1DCE420A004EDABE /* ExistingContactViewController.m in Sources */,
				84E88D201DCE14900026AA89 /* ContactListTableViewController.m in Sources */,
				84E88D231DCE15850026AA89 /* ContactTableViewCell.m in Sources */,
				844E38A21DCDFABA00894BD9 /* AppDelegate.m in Sources */,
				84E3414F1DCF7D020077B7DF /* BasicData.m in Sources */,
				84E88D261DCE23DA0026AA89 /* ContactLogData.m in Sources */,
				84E3414C1DCF77F30077B7DF /* ContactData.m in Sources */,
				844E389F1DCDFABA00894BD9 /* main.m in Sources */,
			);
			runOnlyForDeploymentPostprocessing = 0;
		};
/* End PBXSourcesBuildPhase section */

/* Begin PBXVariantGroup section */
		844E38A91DCDFABA00894BD9 /* Main.storyboard */ = {
			isa = PBXVariantGroup;
			children = (
				844E38AA1DCDFABA00894BD9 /* Base */,
			);
			name = Main.storyboard;
			sourceTree = "<group>";
		};
		844E38AE1DCDFABA00894BD9 /* LaunchScreen.storyboard */ = {
			isa = PBXVariantGroup;
			children = (
				844E38AF1DCDFABA00894BD9 /* Base */,
			);
			name = LaunchScreen.storyboard;
			sourceTree = "<group>";
		};
/* End PBXVariantGroup section */

/* Begin XCBuildConfiguration section */
		844E38B21DCDFABA00894BD9 /* Debug */ = {
			isa = XCBuildConfiguration;
			buildSettings = {
				ALWAYS_SEARCH_USER_PATHS = NO;
				CLANG_ANALYZER_NONNULL = YES;
				CLANG_CXX_LANGUAGE_STANDARD = "gnu++0x";
				CLANG_CXX_LIBRARY = "libc++";
				CLANG_ENABLE_MODULES = YES;
				CLANG_ENABLE_OBJC_ARC = YES;
				CLANG_WARN_BOOL_CONVERSION = YES;
				CLANG_WARN_CONSTANT_CONVERSION = YES;
				CLANG_WARN_DIRECT_OBJC_ISA_USAGE = YES_ERROR;
				CLANG_WARN_DOCUMENTATION_COMMENTS = YES;
				CLANG_WARN_EMPTY_BODY = YES;
				CLANG_WARN_ENUM_CONVERSION = YES;
				CLANG_WARN_INFINITE_RECURSION = YES;
				CLANG_WARN_INT_CONVERSION = YES;
				CLANG_WARN_OBJC_ROOT_CLASS = YES_ERROR;
				CLANG_WARN_SUSPICIOUS_MOVES = YES;
				CLANG_WARN_UNREACHABLE_CODE = YES;
				CLANG_WARN__DUPLICATE_METHOD_MATCH = YES;
				"CODE_SIGN_IDENTITY[sdk=iphoneos*]" = "iPhone Developer";
				COPY_PHASE_STRIP = NO;
				DEBUG_INFORMATION_FORMAT = dwarf;
				ENABLE_STRICT_OBJC_MSGSEND = YES;
				ENABLE_TESTABILITY = YES;
				GCC_C_LANGUAGE_STANDARD = gnu99;
				GCC_DYNAMIC_NO_PIC = NO;
				GCC_NO_COMMON_BLOCKS = YES;
				GCC_OPTIMIZATION_LEVEL = 0;
				GCC_PREPROCESSOR_DEFINITIONS = (
					"DEBUG=1",
					"$(inherited)",
				);
				GCC_WARN_64_TO_32_BIT_CONVERSION = YES;
				GCC_WARN_ABOUT_RETURN_TYPE = YES_ERROR;
				GCC_WARN_UNDECLARED_SELECTOR = YES;
				GCC_WARN_UNINITIALIZED_AUTOS = YES_AGGRESSIVE;
				GCC_WARN_UNUSED_FUNCTION = YES;
				GCC_WARN_UNUSED_VARIABLE = YES;
				IPHONEOS_DEPLOYMENT_TARGET = 10.0;
				MTL_ENABLE_DEBUG_INFO = YES;
				ONLY_ACTIVE_ARCH = YES;
				SDKROOT = iphoneos;
			};
			name = Debug;
		};
		844E38B31DCDFABA00894BD9 /* Release */ = {
			isa = XCBuildConfiguration;
			buildSettings = {
				ALWAYS_SEARCH_USER_PATHS = NO;
				CLANG_ANALYZER_NONNULL = YES;
				CLANG_CXX_LANGUAGE_STANDARD = "gnu++0x";
				CLANG_CXX_LIBRARY = "libc++";
				CLANG_ENABLE_MODULES = YES;
				CLANG_ENABLE_OBJC_ARC = YES;
				CLANG_WARN_BOOL_CONVERSION = YES;
				CLANG_WARN_CONSTANT_CONVERSION = YES;
				CLANG_WARN_DIRECT_OBJC_ISA_USAGE = YES_ERROR;
				CLANG_WARN_DOCUMENTATION_COMMENTS = YES;
				CLANG_WARN_EMPTY_BODY = YES;
				CLANG_WARN_ENUM_CONVERSION = YES;
				CLANG_WARN_INFINITE_RECURSION = YES;
				CLANG_WARN_INT_CONVERSION = YES;
				CLANG_WARN_OBJC_ROOT_CLASS = YES_ERROR;
				CLANG_WARN_SUSPICIOUS_MOVES = YES;
				CLANG_WARN_UNREACHABLE_CODE = YES;
				CLANG_WARN__DUPLICATE_METHOD_MATCH = YES;
				"CODE_SIGN_IDENTITY[sdk=iphoneos*]" = "iPhone Developer";
				COPY_PHASE_STRIP = NO;
				DEBUG_INFORMATION_FORMAT = "dwarf-with-dsym";
				ENABLE_NS_ASSERTIONS = NO;
				ENABLE_STRICT_OBJC_MSGSEND = YES;
				GCC_C_LANGUAGE_STANDARD = gnu99;
				GCC_NO_COMMON_BLOCKS = YES;
				GCC_WARN_64_TO_32_BIT_CONVERSION = YES;
				GCC_WARN_ABOUT_RETURN_TYPE = YES_ERROR;
				GCC_WARN_UNDECLARED_SELECTOR = YES;
				GCC_WARN_UNINITIALIZED_AUTOS = YES_AGGRESSIVE;
				GCC_WARN_UNUSED_FUNCTION = YES;
				GCC_WARN_UNUSED_VARIABLE = YES;
				IPHONEOS_DEPLOYMENT_TARGET = 10.0;
				MTL_ENABLE_DEBUG_INFO = NO;
				SDKROOT = iphoneos;
				VALIDATE_PRODUCT = YES;
			};
			name = Release;
		};
		844E38B51DCDFABA00894BD9 /* Debug */ = {
			isa = XCBuildConfiguration;
			buildSettings = {
				ASSETCATALOG_COMPILER_APPICON_NAME = AppIcon;
				INFOPLIST_FILE = ios_homework_app/Info.plist;
				LD_RUNPATH_SEARCH_PATHS = "$(inherited) @executable_path/Frameworks";
				PRODUCT_BUNDLE_IDENTIFIER = "vashamporov.ios-homework-app";
				PRODUCT_NAME = "$(TARGET_NAME)";
			};
			name = Debug;
		};
		844E38B61DCDFABA00894BD9 /* Release */ = {
			isa = XCBuildConfiguration;
			buildSettings = {
				ASSETCATALOG_COMPILER_APPICON_NAME = AppIcon;
				INFOPLIST_FILE = ios_homework_app/Info.plist;
				LD_RUNPATH_SEARCH_PATHS = "$(inherited) @executable_path/Frameworks";
				PRODUCT_BUNDLE_IDENTIFIER = "vashamporov.ios-homework-app";
				PRODUCT_NAME = "$(TARGET_NAME)";
			};
			name = Release;
		};
/* End XCBuildConfiguration section */

/* Begin XCConfigurationList section */
		844E38951DCDFABA00894BD9 /* Build configuration list for PBXProject "ios_homework_app" */ = {
			isa = XCConfigurationList;
			buildConfigurations = (
				844E38B21DCDFABA00894BD9 /* Debug */,
				844E38B31DCDFABA00894BD9 /* Release */,
			);
			defaultConfigurationIsVisible = 0;
			defaultConfigurationName = Release;
		};
		844E38B41DCDFABA00894BD9 /* Build configuration list for PBXNativeTarget "ios_homework_app" */ = {
			isa = XCConfigurationList;
			buildConfigurations = (
				844E38B51DCDFABA00894BD9 /* Debug */,
				844E38B61DCDFABA00894BD9 /* Release */,
			);
			defaultConfigurationIsVisible = 0;
			defaultConfigurationName = Release;
		};
/* End XCConfigurationList section */
	};
	rootObject = 844E38921DCDFABA00894BD9 /* Project object */;
}
